
Microsoft Visual Studio Solution File, Format Version 12.00
# Visual Studio 15
VisualStudioVersion = 15.0.27703.2042
MinimumVisualStudioVersion = 10.0.40219.1
Project("{FAE04EC0-301F-11D3-BF4B-00C04F79EFBC}") = "aknakereso", "aknakereso\aknakereso.csproj", "{9324B75F-A8E6-40F8-8AD9-BD2AE4412D74}"
EndProject
Project("{FAE04EC0-301F-11D3-BF4B-00C04F79EFBC}") = "Mine_DetectorGameModelTest", "Mine_DetectorGameModelTest\Mine_DetectorGameModelTest.csproj", "{12CB38D0-EFD1-46C0-AADC-334979009ADB}"
EndProject
Global
	GlobalSection(SolutionConfigurationPlatforms) = preSolution
		Debug|Any CPU = Debug|Any CPU
		Debug|x86 = Debug|x86
		Release|Any CPU = Release|Any CPU
		Release|x86 = Release|x86
	EndGlobalSection
	GlobalSection(ProjectConfigurationPlatforms) = postSolution
		{9324B75F-A8E6-40F8-8AD9-BD2AE4412D74}.Debug|Any CPU.ActiveCfg = Debug|Any CPU
		{9324B75F-A8E6-40F8-8AD9-BD2AE4412D74}.Debug|Any CPU.Build.0 = Debug|Any CPU
		{9324B75F-A8E6-40F8-8AD9-BD2AE4412D74}.Debug|x86.ActiveCfg = Debug|Any CPU
		{9324B75F-A8E6-40F8-8AD9-BD2AE4412D74}.Debug|x86.Build.0 = Debug|Any CPU
		{9324B75F-A8E6-40F8-8AD9-BD2AE4412D74}.Release|Any CPU.ActiveCfg = Release|Any CPU
		{9324B75F-A8E6-40F8-8AD9-BD2AE4412D74}.Release|Any CPU.Build.0 = Release|Any CPU
		{9324B75F-A8E6-40F8-8AD9-BD2AE4412D74}.Release|x86.ActiveCfg = Release|Any CPU
		{9324B75F-A8E6-40F8-8AD9-BD2AE4412D74}.Release|x86.Build.0 = Release|Any CPU
		{12CB38D0-EFD1-46C0-AADC-334979009ADB}.Debug|Any CPU.ActiveCfg = Debug|Any CPU
		{12CB38D0-EFD1-46C0-AADC-334979009ADB}.Debug|Any CPU.Build.0 = Debug|Any CPU
		{12CB38D0-EFD1-46C0-AADC-334979009ADB}.Debug|x86.ActiveCfg = Debug|Any CPU
		{12CB38D0-EFD1-46C0-AADC-334979009ADB}.Debug|x86.Build.0 = Debug|Any CPU
		{12CB38D0-EFD1-46C0-AADC-334979009ADB}.Release|Any CPU.ActiveCfg = Release|Any CPU
		{12CB38D0-EFD1-46C0-AADC-334979009ADB}.Release|Any CPU.Build.0 = Release|Any CPU
		{12CB38D0-EFD1-46C0-AADC-334979009ADB}.Release|x86.ActiveCfg = Release|Any CPU
		{12CB38D0-EFD1-46C0-AADC-334979009ADB}.Release|x86.Build.0 = Release|Any CPU
	EndGlobalSection
	GlobalSection(SolutionProperties) = preSolution
		HideSolutionNode = FALSE
	EndGlobalSection
	GlobalSection(ExtensibilityGlobals) = postSolution
		SolutionGuid = {697E1CBE-67D1-4694-82D5-AD010979FDAC}
	EndGlobalSection
EndGlobal
